// !$*UTF8*$!
{
	archiveVersion = 1;
	classes = {
	};
	objectVersion = 46;
	objects = {

/* Begin PBXBuildFile section */
		98C0EA1B67D358444CC2774E /* Pods_Sample.framework in Frameworks */ = {isa = PBXBuildFile; fileRef = 8AF4D290399D9C2A459A2205 /* Pods_Sample.framework */; };
		B02B1C8B1C9AEB39006760BF /* AppDelegate.swift in Sources */ = {isa = PBXBuildFile; fileRef = B02B1C8A1C9AEB39006760BF /* AppDelegate.swift */; };
		B02B1C901C9AEB39006760BF /* Main.storyboard in Resources */ = {isa = PBXBuildFile; fileRef = B02B1C8E1C9AEB39006760BF /* Main.storyboard */; };
		B02B1C921C9AEB39006760BF /* Assets.xcassets in Resources */ = {isa = PBXBuildFile; fileRef = B02B1C911C9AEB39006760BF /* Assets.xcassets */; };
		B02B1C951C9AEB39006760BF /* LaunchScreen.storyboard in Resources */ = {isa = PBXBuildFile; fileRef = B02B1C931C9AEB39006760BF /* LaunchScreen.storyboard */; };
		B02B1CA01C9AEB39006760BF /* SampleTests.swift in Sources */ = {isa = PBXBuildFile; fileRef = B02B1C9F1C9AEB39006760BF /* SampleTests.swift */; };
		B08CA0C21C9AF31A006637AD /* ItemsController.swift in Sources */ = {isa = PBXBuildFile; fileRef = B08CA0C11C9AF31A006637AD /* ItemsController.swift */; };
		EFEC46C51F4BA92AF24FCC6E /* Pods_SampleTests.framework in Frameworks */ = {isa = PBXBuildFile; fileRef = 915CEFFBA682E1D9B1029A8B /* Pods_SampleTests.framework */; };
/* End PBXBuildFile section */

/* Begin PBXContainerItemProxy section */
		B02B1C9C1C9AEB39006760BF /* PBXContainerItemProxy */ = {
			isa = PBXContainerItemProxy;
			containerPortal = B02B1C7F1C9AEB39006760BF /* Project object */;
			proxyType = 1;
			remoteGlobalIDString = B02B1C861C9AEB39006760BF;
			remoteInfo = Sample;
		};
/* End PBXContainerItemProxy section */

/* Begin PBXFileReference section */
		0B6A6F3F17DE7BC5D364B895 /* Pods-Sample.debug.xcconfig */ = {isa = PBXFileReference; includeInIndex = 1; lastKnownFileType = text.xcconfig; name = "Pods-Sample.debug.xcconfig"; path = "Pods/Target Support Files/Pods-Sample/Pods-Sample.debug.xcconfig"; sourceTree = "<group>"; };
		17BFF2F016B7965A5816F762 /* Pods-Sample.release.xcconfig */ = {isa = PBXFileReference; includeInIndex = 1; lastKnownFileType = text.xcconfig; name = "Pods-Sample.release.xcconfig"; path = "Pods/Target Support Files/Pods-Sample/Pods-Sample.release.xcconfig"; sourceTree = "<group>"; };
		741271F0DCE2D2582B161EEE /* Pods-SampleTests.debug.xcconfig */ = {isa = PBXFileReference; includeInIndex = 1; lastKnownFileType = text.xcconfig; name = "Pods-SampleTests.debug.xcconfig"; path = "Pods/Target Support Files/Pods-SampleTests/Pods-SampleTests.debug.xcconfig"; sourceTree = "<group>"; };
		8AF4D290399D9C2A459A2205 /* Pods_Sample.framework */ = {isa = PBXFileReference; explicitFileType = wrapper.framework; includeInIndex = 0; path = Pods_Sample.framework; sourceTree = BUILT_PRODUCTS_DIR; };
		8C0B0510792CAA36CEFC7A42 /* Pods-SampleTests.release.xcconfig */ = {isa = PBXFileReference; includeInIndex = 1; lastKnownFileType = text.xcconfig; name = "Pods-SampleTests.release.xcconfig"; path = "Pods/Target Support Files/Pods-SampleTests/Pods-SampleTests.release.xcconfig"; sourceTree = "<group>"; };
		915CEFFBA682E1D9B1029A8B /* Pods_SampleTests.framework */ = {isa = PBXFileReference; explicitFileType = wrapper.framework; includeInIndex = 0; path = Pods_SampleTests.framework; sourceTree = BUILT_PRODUCTS_DIR; };
		B02B1C871C9AEB39006760BF /* Sample.app */ = {isa = PBXFileReference; explicitFileType = wrapper.application; includeInIndex = 0; path = Sample.app; sourceTree = BUILT_PRODUCTS_DIR; };
		B02B1C8A1C9AEB39006760BF /* AppDelegate.swift */ = {isa = PBXFileReference; lastKnownFileType = sourcecode.swift; path = AppDelegate.swift; sourceTree = "<group>"; };
		B02B1C8F1C9AEB39006760BF /* Base */ = {isa = PBXFileReference; lastKnownFileType = file.storyboard; name = Base; path = Base.lproj/Main.storyboard; sourceTree = "<group>"; };
		B02B1C911C9AEB39006760BF /* Assets.xcassets */ = {isa = PBXFileReference; lastKnownFileType = folder.assetcatalog; path = Assets.xcassets; sourceTree = "<group>"; };
		B02B1C941C9AEB39006760BF /* Base */ = {isa = PBXFileReference; lastKnownFileType = file.storyboard; name = Base; path = Base.lproj/LaunchScreen.storyboard; sourceTree = "<group>"; };
		B02B1C961C9AEB39006760BF /* Info.plist */ = {isa = PBXFileReference; lastKnownFileType = text.plist.xml; path = Info.plist; sourceTree = "<group>"; };
		B02B1C9B1C9AEB39006760BF /* SampleTests.xctest */ = {isa = PBXFileReference; explicitFileType = wrapper.cfbundle; includeInIndex = 0; path = SampleTests.xctest; sourceTree = BUILT_PRODUCTS_DIR; };
		B02B1C9F1C9AEB39006760BF /* SampleTests.swift */ = {isa = PBXFileReference; lastKnownFileType = sourcecode.swift; path = SampleTests.swift; sourceTree = "<group>"; };
		B02B1CA11C9AEB39006760BF /* Info.plist */ = {isa = PBXFileReference; lastKnownFileType = text.plist.xml; path = Info.plist; sourceTree = "<group>"; };
		B08CA0C11C9AF31A006637AD /* ItemsController.swift */ = {isa = PBXFileReference; fileEncoding = 4; lastKnownFileType = sourcecode.swift; path = ItemsController.swift; sourceTree = "<group>"; };
/* End PBXFileReference section */

/* Begin PBXFrameworksBuildPhase section */
		B02B1C841C9AEB39006760BF /* Frameworks */ = {
			isa = PBXFrameworksBuildPhase;
			buildActionMask = 2147483647;
			files = (
				98C0EA1B67D358444CC2774E /* Pods_Sample.framework in Frameworks */,
			);
			runOnlyForDeploymentPostprocessing = 0;
		};
		B02B1C981C9AEB39006760BF /* Frameworks */ = {
			isa = PBXFrameworksBuildPhase;
			buildActionMask = 2147483647;
			files = (
				EFEC46C51F4BA92AF24FCC6E /* Pods_SampleTests.framework in Frameworks */,
			);
			runOnlyForDeploymentPostprocessing = 0;
		};
/* End PBXFrameworksBuildPhase section */

/* Begin PBXGroup section */
		60F62FCD1BB1176FF9096B3A /* Frameworks */ = {
			isa = PBXGroup;
			children = (
				8AF4D290399D9C2A459A2205 /* Pods_Sample.framework */,
				915CEFFBA682E1D9B1029A8B /* Pods_SampleTests.framework */,
			);
			name = Frameworks;
			sourceTree = "<group>";
		};
		B02B1C7E1C9AEB39006760BF = {
			isa = PBXGroup;
			children = (
				B02B1C891C9AEB39006760BF /* Sample */,
				B02B1C9E1C9AEB39006760BF /* SampleTests */,
				B02B1C881C9AEB39006760BF /* Products */,
				F09DAAEAB75A74D98BEDEE4F /* Pods */,
				60F62FCD1BB1176FF9096B3A /* Frameworks */,
			);
			sourceTree = "<group>";
		};
		B02B1C881C9AEB39006760BF /* Products */ = {
			isa = PBXGroup;
			children = (
				B02B1C871C9AEB39006760BF /* Sample.app */,
				B02B1C9B1C9AEB39006760BF /* SampleTests.xctest */,
			);
			name = Products;
			sourceTree = "<group>";
		};
		B02B1C891C9AEB39006760BF /* Sample */ = {
			isa = PBXGroup;
			children = (
				B02B1C8A1C9AEB39006760BF /* AppDelegate.swift */,
				B08CA0C11C9AF31A006637AD /* ItemsController.swift */,
				B02B1C8E1C9AEB39006760BF /* Main.storyboard */,
				B02B1C911C9AEB39006760BF /* Assets.xcassets */,
				B02B1C931C9AEB39006760BF /* LaunchScreen.storyboard */,
				B02B1C961C9AEB39006760BF /* Info.plist */,
			);
			path = Sample;
			sourceTree = "<group>";
		};
		B02B1C9E1C9AEB39006760BF /* SampleTests */ = {
			isa = PBXGroup;
			children = (
				B02B1C9F1C9AEB39006760BF /* SampleTests.swift */,
				B02B1CA11C9AEB39006760BF /* Info.plist */,
			);
			path = SampleTests;
			sourceTree = "<group>";
		};
		F09DAAEAB75A74D98BEDEE4F /* Pods */ = {
			isa = PBXGroup;
			children = (
				0B6A6F3F17DE7BC5D364B895 /* Pods-Sample.debug.xcconfig */,
				17BFF2F016B7965A5816F762 /* Pods-Sample.release.xcconfig */,
				741271F0DCE2D2582B161EEE /* Pods-SampleTests.debug.xcconfig */,
				8C0B0510792CAA36CEFC7A42 /* Pods-SampleTests.release.xcconfig */,
			);
			name = Pods;
			sourceTree = "<group>";
		};
/* End PBXGroup section */

/* Begin PBXNativeTarget section */
		B02B1C861C9AEB39006760BF /* Sample */ = {
			isa = PBXNativeTarget;
			buildConfigurationList = B02B1CA41C9AEB39006760BF /* Build configuration list for PBXNativeTarget "Sample" */;
			buildPhases = (
				D594F497C74242B4E3F325A4 /* [CP] Check Pods Manifest.lock */,
				B02B1C831C9AEB39006760BF /* Sources */,
				B02B1C841C9AEB39006760BF /* Frameworks */,
				B02B1C851C9AEB39006760BF /* Resources */,
				BECE849801F538FFACD27354 /* [CP] Embed Pods Frameworks */,
				A700BC5F30232DAE251089F2 /* [CP] Copy Pods Resources */,
			);
			buildRules = (
			);
			dependencies = (
			);
			name = Sample;
			productName = Sample;
			productReference = B02B1C871C9AEB39006760BF /* Sample.app */;
			productType = "com.apple.product-type.application";
		};
		B02B1C9A1C9AEB39006760BF /* SampleTests */ = {
			isa = PBXNativeTarget;
			buildConfigurationList = B02B1CA71C9AEB39006760BF /* Build configuration list for PBXNativeTarget "SampleTests" */;
			buildPhases = (
				947CDF877468915D115D1B57 /* [CP] Check Pods Manifest.lock */,
				B02B1C971C9AEB39006760BF /* Sources */,
				B02B1C981C9AEB39006760BF /* Frameworks */,
				B02B1C991C9AEB39006760BF /* Resources */,
				CBFAD79695320833652C1281 /* [CP] Embed Pods Frameworks */,
				17691AE46D8066F4C0BB9032 /* [CP] Copy Pods Resources */,
			);
			buildRules = (
			);
			dependencies = (
				B02B1C9D1C9AEB39006760BF /* PBXTargetDependency */,
			);
			name = SampleTests;
			productName = SampleTests;
			productReference = B02B1C9B1C9AEB39006760BF /* SampleTests.xctest */;
			productType = "com.apple.product-type.bundle.unit-test";
		};
/* End PBXNativeTarget section */

/* Begin PBXProject section */
		B02B1C7F1C9AEB39006760BF /* Project object */ = {
			isa = PBXProject;
			attributes = {
				LastSwiftUpdateCheck = 0720;
				LastUpgradeCheck = 0900;
				ORGANIZATIONNAME = tichise;
				TargetAttributes = {
					B02B1C861C9AEB39006760BF = {
						CreatedOnToolsVersion = 7.2.1;
						LastSwiftMigration = 0900;
						ProvisioningStyle = Automatic;
					};
					B02B1C9A1C9AEB39006760BF = {
						CreatedOnToolsVersion = 7.2.1;
						LastSwiftMigration = 0900;
						TestTargetID = B02B1C861C9AEB39006760BF;
					};
				};
			};
			buildConfigurationList = B02B1C821C9AEB39006760BF /* Build configuration list for PBXProject "Sample" */;
			compatibilityVersion = "Xcode 3.2";
			developmentRegion = English;
			hasScannedForEncodings = 0;
			knownRegions = (
				en,
				Base,
			);
			mainGroup = B02B1C7E1C9AEB39006760BF;
			productRefGroup = B02B1C881C9AEB39006760BF /* Products */;
			projectDirPath = "";
			projectRoot = "";
			targets = (
				B02B1C861C9AEB39006760BF /* Sample */,
				B02B1C9A1C9AEB39006760BF /* SampleTests */,
			);
		};
/* End PBXProject section */

/* Begin PBXResourcesBuildPhase section */
		B02B1C851C9AEB39006760BF /* Resources */ = {
			isa = PBXResourcesBuildPhase;
			buildActionMask = 2147483647;
			files = (
				B02B1C951C9AEB39006760BF /* LaunchScreen.storyboard in Resources */,
				B02B1C921C9AEB39006760BF /* Assets.xcassets in Resources */,
				B02B1C901C9AEB39006760BF /* Main.storyboard in Resources */,
			);
			runOnlyForDeploymentPostprocessing = 0;
		};
		B02B1C991C9AEB39006760BF /* Resources */ = {
			isa = PBXResourcesBuildPhase;
			buildActionMask = 2147483647;
			files = (
			);
			runOnlyForDeploymentPostprocessing = 0;
		};
/* End PBXResourcesBuildPhase section */

/* Begin PBXShellScriptBuildPhase section */
		17691AE46D8066F4C0BB9032 /* [CP] Copy Pods Resources */ = {
			isa = PBXShellScriptBuildPhase;
			buildActionMask = 2147483647;
			files = (
			);
			inputPaths = (
			);
			name = "[CP] Copy Pods Resources";
			outputPaths = (
			);
			runOnlyForDeploymentPostprocessing = 0;
			shellPath = /bin/sh;
			shellScript = "\"${SRCROOT}/Pods/Target Support Files/Pods-SampleTests/Pods-SampleTests-resources.sh\"\n";
			showEnvVarsInLog = 0;
		};
		947CDF877468915D115D1B57 /* [CP] Check Pods Manifest.lock */ = {
			isa = PBXShellScriptBuildPhase;
			buildActionMask = 2147483647;
			files = (
			);
			inputPaths = (
				"${PODS_PODFILE_DIR_PATH}/Podfile.lock",
				"${PODS_ROOT}/Manifest.lock",
			);
			name = "[CP] Check Pods Manifest.lock";
			outputPaths = (
				"$(DERIVED_FILE_DIR)/Pods-SampleTests-checkManifestLockResult.txt",
			);
			runOnlyForDeploymentPostprocessing = 0;
			shellPath = /bin/sh;
			shellScript = "diff \"${PODS_PODFILE_DIR_PATH}/Podfile.lock\" \"${PODS_ROOT}/Manifest.lock\" > /dev/null\nif [ $? != 0 ] ; then\n    # print error to STDERR\n    echo \"error: The sandbox is not in sync with the Podfile.lock. Run 'pod install' or update your CocoaPods installation.\" >&2\n    exit 1\nfi\n# This output is used by Xcode 'outputs' to avoid re-running this script phase.\necho \"SUCCESS\" > \"${SCRIPT_OUTPUT_FILE_0}\"\n";
			showEnvVarsInLog = 0;
		};
		A700BC5F30232DAE251089F2 /* [CP] Copy Pods Resources */ = {
			isa = PBXShellScriptBuildPhase;
			buildActionMask = 2147483647;
			files = (
			);
			inputPaths = (
			);
			name = "[CP] Copy Pods Resources";
			outputPaths = (
			);
			runOnlyForDeploymentPostprocessing = 0;
			shellPath = /bin/sh;
			shellScript = "\"${SRCROOT}/Pods/Target Support Files/Pods-Sample/Pods-Sample-resources.sh\"\n";
			showEnvVarsInLog = 0;
		};
		BECE849801F538FFACD27354 /* [CP] Embed Pods Frameworks */ = {
			isa = PBXShellScriptBuildPhase;
			buildActionMask = 2147483647;
			files = (
			);
			inputPaths = (
				"${SRCROOT}/Pods/Target Support Files/Pods-Sample/Pods-Sample-frameworks.sh",
				"${BUILT_PRODUCTS_DIR}/AEXML/AEXML.framework",
				"${BUILT_PRODUCTS_DIR}/Alamofire/Alamofire.framework",
				"${BUILT_PRODUCTS_DIR}/TIFeedParser/TIFeedParser.framework",
			);
			name = "[CP] Embed Pods Frameworks";
			outputPaths = (
				"${TARGET_BUILD_DIR}/${FRAMEWORKS_FOLDER_PATH}/AEXML.framework",
				"${TARGET_BUILD_DIR}/${FRAMEWORKS_FOLDER_PATH}/Alamofire.framework",
				"${TARGET_BUILD_DIR}/${FRAMEWORKS_FOLDER_PATH}/TIFeedParser.framework",
			);
			runOnlyForDeploymentPostprocessing = 0;
			shellPath = /bin/sh;
			shellScript = "\"${SRCROOT}/Pods/Target Support Files/Pods-Sample/Pods-Sample-frameworks.sh\"\n";
			showEnvVarsInLog = 0;
		};
		CBFAD79695320833652C1281 /* [CP] Embed Pods Frameworks */ = {
			isa = PBXShellScriptBuildPhase;
			buildActionMask = 2147483647;
			files = (
			);
			inputPaths = (
			);
			name = "[CP] Embed Pods Frameworks";
			outputPaths = (
			);
			runOnlyForDeploymentPostprocessing = 0;
			shellPath = /bin/sh;
			shellScript = "\"${SRCROOT}/Pods/Target Support Files/Pods-SampleTests/Pods-SampleTests-frameworks.sh\"\n";
			showEnvVarsInLog = 0;
		};
		D594F497C74242B4E3F325A4 /* [CP] Check Pods Manifest.lock */ = {
			isa = PBXShellScriptBuildPhase;
			buildActionMask = 2147483647;
			files = (
			);
			inputPaths = (
				"${PODS_PODFILE_DIR_PATH}/Podfile.lock",
				"${PODS_ROOT}/Manifest.lock",
			);
			name = "[CP] Check Pods Manifest.lock";
			outputPaths = (
				"$(DERIVED_FILE_DIR)/Pods-Sample-checkManifestLockResult.txt",
			);
			runOnlyForDeploymentPostprocessing = 0;
			shellPath = /bin/sh;
			shellScript = "diff \"${PODS_PODFILE_DIR_PATH}/Podfile.lock\" \"${PODS_ROOT}/Manifest.lock\" > /dev/null\nif [ $? != 0 ] ; then\n    # print error to STDERR\n    echo \"error: The sandbox is not in sync with the Podfile.lock. Run 'pod install' or update your CocoaPods installation.\" >&2\n    exit 1\nfi\n# This output is used by Xcode 'outputs' to avoid re-running this script phase.\necho \"SUCCESS\" > \"${SCRIPT_OUTPUT_FILE_0}\"\n";
			showEnvVarsInLog = 0;
		};
/* End PBXShellScriptBuildPhase section */

/* Begin PBXSourcesBuildPhase section */
		B02B1C831C9AEB39006760BF /* Sources */ = {
			isa = PBXSourcesBuildPhase;
			buildActionMask = 2147483647;
			files = (
				B02B1C8B1C9AEB39006760BF /* AppDelegate.swift in Sources */,
				B08CA0C21C9AF31A006637AD /* ItemsController.swift in Sources */,
			);
			runOnlyForDeploymentPostprocessing = 0;
		};
		B02B1C971C9AEB39006760BF /* Sources */ = {
			isa = PBXSourcesBuildPhase;
			buildActionMask = 2147483647;
			files = (
				B02B1CA01C9AEB39006760BF /* SampleTests.swift in Sources */,
			);
			runOnlyForDeploymentPostprocessing = 0;
		};
/* End PBXSourcesBuildPhase section */

/* Begin PBXTargetDependency section */
		B02B1C9D1C9AEB39006760BF /* PBXTargetDependency */ = {
			isa = PBXTargetDependency;
			target = B02B1C861C9AEB39006760BF /* Sample */;
			targetProxy = B02B1C9C1C9AEB39006760BF /* PBXContainerItemProxy */;
		};
/* End PBXTargetDependency section */

/* Begin PBXVariantGroup section */
		B02B1C8E1C9AEB39006760BF /* Main.storyboard */ = {
			isa = PBXVariantGroup;
			children = (
				B02B1C8F1C9AEB39006760BF /* Base */,
			);
			name = Main.storyboard;
			sourceTree = "<group>";
		};
		B02B1C931C9AEB39006760BF /* LaunchScreen.storyboard */ = {
			isa = PBXVariantGroup;
			children = (
				B02B1C941C9AEB39006760BF /* Base */,
			);
			name = LaunchScreen.storyboard;
			sourceTree = "<group>";
		};
/* End PBXVariantGroup section */

/* Begin XCBuildConfiguration section */
		B02B1CA21C9AEB39006760BF /* Debug */ = {
			isa = XCBuildConfiguration;
			buildSettings = {
				ALWAYS_SEARCH_USER_PATHS = NO;
				CLANG_CXX_LANGUAGE_STANDARD = "gnu++0x";
				CLANG_CXX_LIBRARY = "libc++";
				CLANG_ENABLE_MODULES = YES;
				CLANG_ENABLE_OBJC_ARC = YES;
				CLANG_WARN_BLOCK_CAPTURE_AUTORELEASING = YES;
				CLANG_WARN_BOOL_CONVERSION = YES;
				CLANG_WARN_COMMA = YES;
				CLANG_WARN_CONSTANT_CONVERSION = YES;
				CLANG_WARN_DIRECT_OBJC_ISA_USAGE = YES_ERROR;
				CLANG_WARN_EMPTY_BODY = YES;
				CLANG_WARN_ENUM_CONVERSION = YES;
				CLANG_WARN_INFINITE_RECURSION = YES;
				CLANG_WARN_INT_CONVERSION = YES;
				CLANG_WARN_NON_LITERAL_NULL_CONVERSION = YES;
				CLANG_WARN_OBJC_LITERAL_CONVERSION = YES;
				CLANG_WARN_OBJC_ROOT_CLASS = YES_ERROR;
				CLANG_WARN_RANGE_LOOP_ANALYSIS = YES;
				CLANG_WARN_STRICT_PROTOTYPES = YES;
				CLANG_WARN_SUSPICIOUS_MOVE = YES;
				CLANG_WARN_UNREACHABLE_CODE = YES;
				CLANG_WARN__DUPLICATE_METHOD_MATCH = YES;
				"CODE_SIGN_IDENTITY[sdk=iphoneos*]" = "iPhone Developer";
				COPY_PHASE_STRIP = NO;
				DEBUG_INFORMATION_FORMAT = dwarf;
				ENABLE_STRICT_OBJC_MSGSEND = YES;
				ENABLE_TESTABILITY = YES;
				GCC_C_LANGUAGE_STANDARD = gnu99;
				GCC_DYNAMIC_NO_PIC = NO;
				GCC_NO_COMMON_BLOCKS = YES;
				GCC_OPTIMIZATION_LEVEL = 0;
				GCC_PREPROCESSOR_DEFINITIONS = (
					"DEBUG=1",
					"$(inherited)",
				);
				GCC_WARN_64_TO_32_BIT_CONVERSION = YES;
				GCC_WARN_ABOUT_RETURN_TYPE = YES_ERROR;
				GCC_WARN_UNDECLARED_SELECTOR = YES;
				GCC_WARN_UNINITIALIZED_AUTOS = YES_AGGRESSIVE;
				GCC_WARN_UNUSED_FUNCTION = YES;
				GCC_WARN_UNUSED_VARIABLE = YES;
				IPHONEOS_DEPLOYMENT_TARGET = 9.2;
				MTL_ENABLE_DEBUG_INFO = YES;
				ONLY_ACTIVE_ARCH = YES;
				SDKROOT = iphoneos;
				SWIFT_OPTIMIZATION_LEVEL = "-Onone";
				SWIFT_SWIFT3_OBJC_INFERENCE = Off;
			};
			name = Debug;
		};
		B02B1CA31C9AEB39006760BF /* Release */ = {
			isa = XCBuildConfiguration;
			buildSettings = {
				ALWAYS_SEARCH_USER_PATHS = NO;
				CLANG_CXX_LANGUAGE_STANDARD = "gnu++0x";
				CLANG_CXX_LIBRARY = "libc++";
				CLANG_ENABLE_MODULES = YES;
				CLANG_ENABLE_OBJC_ARC = YES;
				CLANG_WARN_BLOCK_CAPTURE_AUTORELEASING = YES;
				CLANG_WARN_BOOL_CONVERSION = YES;
				CLANG_WARN_COMMA = YES;
				CLANG_WARN_CONSTANT_CONVERSION = YES;
				CLANG_WARN_DIRECT_OBJC_ISA_USAGE = YES_ERROR;
				CLANG_WARN_EMPTY_BODY = YES;
				CLANG_WARN_ENUM_CONVERSION = YES;
				CLANG_WARN_INFINITE_RECURSION = YES;
				CLANG_WARN_INT_CONVERSION = YES;
				CLANG_WARN_NON_LITERAL_NULL_CONVERSION = YES;
				CLANG_WARN_OBJC_LITERAL_CONVERSION = YES;
				CLANG_WARN_OBJC_ROOT_CLASS = YES_ERROR;
				CLANG_WARN_RANGE_LOOP_ANALYSIS = YES;
				CLANG_WARN_STRICT_PROTOTYPES = YES;
				CLANG_WARN_SUSPICIOUS_MOVE = YES;
				CLANG_WARN_UNREACHABLE_CODE = YES;
				CLANG_WARN__DUPLICATE_METHOD_MATCH = YES;
				"CODE_SIGN_IDENTITY[sdk=iphoneos*]" = "iPhone Developer";
				COPY_PHASE_STRIP = NO;
				DEBUG_INFORMATION_FORMAT = "dwarf-with-dsym";
				ENABLE_NS_ASSERTIONS = NO;
				ENABLE_STRICT_OBJC_MSGSEND = YES;
				GCC_C_LANGUAGE_STANDARD = gnu99;
				GCC_NO_COMMON_BLOCKS = YES;
				GCC_WARN_64_TO_32_BIT_CONVERSION = YES;
				GCC_WARN_ABOUT_RETURN_TYPE = YES_ERROR;
				GCC_WARN_UNDECLARED_SELECTOR = YES;
				GCC_WARN_UNINITIALIZED_AUTOS = YES_AGGRESSIVE;
				GCC_WARN_UNUSED_FUNCTION = YES;
				GCC_WARN_UNUSED_VARIABLE = YES;
				IPHONEOS_DEPLOYMENT_TARGET = 9.2;
				MTL_ENABLE_DEBUG_INFO = NO;
				SDKROOT = iphoneos;
				SWIFT_OPTIMIZATION_LEVEL = "-Owholemodule";
				SWIFT_SWIFT3_OBJC_INFERENCE = Off;
				VALIDATE_PRODUCT = YES;
			};
			name = Release;
		};
		B02B1CA51C9AEB39006760BF /* Debug */ = {
			isa = XCBuildConfiguration;
			baseConfigurationReference = 0B6A6F3F17DE7BC5D364B895 /* Pods-Sample.debug.xcconfig */;
			buildSettings = {
				ASSETCATALOG_COMPILER_APPICON_NAME = AppIcon;
				"CODE_SIGN_IDENTITY[sdk=iphoneos*]" = "iPhone Developer";
				DEVELOPMENT_TEAM = "";
				INFOPLIST_FILE = Sample/Info.plist;
				IPHONEOS_DEPLOYMENT_TARGET = 9.0;
				LD_RUNPATH_SEARCH_PATHS = "$(inherited) @executable_path/Frameworks";
				PRODUCT_BUNDLE_IDENTIFIER = ichise.Sample;
				PRODUCT_NAME = "$(TARGET_NAME)";
				PROVISIONING_PROFILE_SPECIFIER = "";
				SWIFT_SWIFT3_OBJC_INFERENCE = Off;
				SWIFT_VERSION = 4.0;
			};
			name = Debug;
		};
		B02B1CA61C9AEB39006760BF /* Release */ = {
			isa = XCBuildConfiguration;
			baseConfigurationReference = 17BFF2F016B7965A5816F762 /* Pods-Sample.release.xcconfig */;
			buildSettings = {
				ASSETCATALOG_COMPILER_APPICON_NAME = AppIcon;
				"CODE_SIGN_IDENTITY[sdk=iphoneos*]" = "iPhone Developer";
				DEVELOPMENT_TEAM = "";
				INFOPLIST_FILE = Sample/Info.plist;
				IPHONEOS_DEPLOYMENT_TARGET = 9.0;
				LD_RUNPATH_SEARCH_PATHS = "$(inherited) @executable_path/Frameworks";
				PRODUCT_BUNDLE_IDENTIFIER = ichise.Sample;
				PRODUCT_NAME = "$(TARGET_NAME)";
				PROVISIONING_PROFILE_SPECIFIER = "";
				SWIFT_SWIFT3_OBJC_INFERENCE = Off;
				SWIFT_VERSION = 4.0;
			};
			name = Release;
		};
		B02B1CA81C9AEB39006760BF /* Debug */ = {
			isa = XCBuildConfiguration;
			baseConfigurationReference = 741271F0DCE2D2582B161EEE /* Pods-SampleTests.debug.xcconfig */;
			buildSettings = {
				BUNDLE_LOADER = "$(TEST_HOST)";
				INFOPLIST_FILE = SampleTests/Info.plist;
				LD_RUNPATH_SEARCH_PATHS = "$(inherited) @executable_path/Frameworks @loader_path/Frameworks";
				PRODUCT_BUNDLE_IDENTIFIER = ichise.SampleTests;
				PRODUCT_NAME = "$(TARGET_NAME)";
				SWIFT_SWIFT3_OBJC_INFERENCE = Off;
				SWIFT_VERSION = 4.0;
				TEST_HOST = "$(BUILT_PRODUCTS_DIR)/Sample.app/Sample";
			};
			name = Debug;
		};
		B02B1CA91C9AEB39006760BF /* Release */ = {
			isa = XCBuildConfiguration;
			baseConfigurationReference = 8C0B0510792CAA36CEFC7A42 /* Pods-SampleTests.release.xcconfig */;
			buildSettings = {
				BUNDLE_LOADER = "$(TEST_HOST)";
				INFOPLIST_FILE = SampleTests/Info.plist;
				LD_RUNPATH_SEARCH_PATHS = "$(inherited) @executable_path/Frameworks @loader_path/Frameworks";
				PRODUCT_BUNDLE_IDENTIFIER = ichise.SampleTests;
				PRODUCT_NAME = "$(TARGET_NAME)";
				SWIFT_SWIFT3_OBJC_INFERENCE = Off;
				SWIFT_VERSION = 4.0;
				TEST_HOST = "$(BUILT_PRODUCTS_DIR)/Sample.app/Sample";
			};
			name = Release;
		};
/* End XCBuildConfiguration section */

/* Begin XCConfigurationList section */
		B02B1C821C9AEB39006760BF /* Build configuration list for PBXProject "Sample" */ = {
			isa = XCConfigurationList;
			buildConfigurations = (
				B02B1CA21C9AEB39006760BF /* Debug */,
				B02B1CA31C9AEB39006760BF /* Release */,
			);
			defaultConfigurationIsVisible = 0;
			defaultConfigurationName = Release;
		};
		B02B1CA41C9AEB39006760BF /* Build configuration list for PBXNativeTarget "Sample" */ = {
			isa = XCConfigurationList;
			buildConfigurations = (
				B02B1CA51C9AEB39006760BF /* Debug */,
				B02B1CA61C9AEB39006760BF /* Release */,
			);
			defaultConfigurationIsVisible = 0;
			defaultConfigurationName = Release;
		};
		B02B1CA71C9AEB39006760BF /* Build configuration list for PBXNativeTarget "SampleTests" */ = {
			isa = XCConfigurationList;
			buildConfigurations = (
				B02B1CA81C9AEB39006760BF /* Debug */,
				B02B1CA91C9AEB39006760BF /* Release */,
			);
			defaultConfigurationIsVisible = 0;
			defaultConfigurationName = Release;
		};
/* End XCConfigurationList section */
	};
	rootObject = B02B1C7F1C9AEB39006760BF /* Project object */;
}
